
Microsoft Visual Studio Solution File, Format Version 12.00
# Visual Studio 15
VisualStudioVersion = 15.0.28307.106
MinimumVisualStudioVersion = 10.0.40219.1
Project("{8BC9CEB8-8B4A-11D0-8D11-00A0C91BC942}") = "XgEngine", "XgEngine\XgEngine.vcxproj", "{E74763B5-2CF7-48A2-B6E0-A1A7145E7A9D}"
EndProject
Project("{8BC9CEB8-8B4A-11D0-8D11-00A0C91BC942}") = "XgTestApp", "XgTestApp\XgTestApp.vcxproj", "{9CF8235A-1E2C-4041-8AA5-75A4815E4675}"
EndProject
Global
	GlobalSection(SolutionConfigurationPlatforms) = preSolution
		Debug|x64 = Debug|x64
		Debug|x86 = Debug|x86
		Release|x64 = Release|x64
		Release|x86 = Release|x86
	EndGlobalSection
	GlobalSection(ProjectConfigurationPlatforms) = postSolution
		{E74763B5-2CF7-48A2-B6E0-A1A7145E7A9D}.Debug|x64.ActiveCfg = Debug|x64
		{E74763B5-2CF7-48A2-B6E0-A1A7145E7A9D}.Debug|x64.Build.0 = Debug|x64
		{E74763B5-2CF7-48A2-B6E0-A1A7145E7A9D}.Debug|x86.ActiveCfg = Debug|Win32
		{E74763B5-2CF7-48A2-B6E0-A1A7145E7A9D}.Debug|x86.Build.0 = Debug|Win32
		{E74763B5-2CF7-48A2-B6E0-A1A7145E7A9D}.Release|x64.ActiveCfg = Release|x64
		{E74763B5-2CF7-48A2-B6E0-A1A7145E7A9D}.Release|x64.Build.0 = Release|x64
		{E74763B5-2CF7-48A2-B6E0-A1A7145E7A9D}.Release|x86.ActiveCfg = Release|Win32
		{E74763B5-2CF7-48A2-B6E0-A1A7145E7A9D}.Release|x86.Build.0 = Release|Win32
		{9CF8235A-1E2C-4041-8AA5-75A4815E4675}.Debug|x64.ActiveCfg = Debug|x64
		{9CF8235A-1E2C-4041-8AA5-75A4815E4675}.Debug|x64.Build.0 = Debug|x64
		{9CF8235A-1E2C-4041-8AA5-75A4815E4675}.Debug|x86.ActiveCfg = Debug|Win32
		{9CF8235A-1E2C-4041-8AA5-75A4815E4675}.Debug|x86.Build.0 = Debug|Win32
		{9CF8235A-1E2C-4041-8AA5-75A4815E4675}.Release|x64.ActiveCfg = Release|x64
		{9CF8235A-1E2C-4041-8AA5-75A4815E4675}.Release|x64.Build.0 = Release|x64
		{9CF8235A-1E2C-4041-8AA5-75A4815E4675}.Release|x86.ActiveCfg = Release|Win32
		{9CF8235A-1E2C-4041-8AA5-75A4815E4675}.Release|x86.Build.0 = Release|Win32
	EndGlobalSection
	GlobalSection(SolutionProperties) = preSolution
		HideSolutionNode = FALSE
	EndGlobalSection
	GlobalSection(ExtensibilityGlobals) = postSolution
		SolutionGuid = {1FE806CE-1CD3-49DD-B4CA-CDDA0966E43C}
	EndGlobalSection
EndGlobal
